
Microsoft Visual Studio Solution File, Format Version 12.00
# Visual Studio 14
VisualStudioVersion = 14.0.25123.0
MinimumVisualStudioVersion = 10.0.40219.1
Project("{FAE04EC0-301F-11D3-BF4B-00C04F79EFBC}") = "CodingGame", "CodingGame\CodingGame.csproj", "{4D6CF9F3-259C-429C-87FE-85B89FDA2556}"
EndProject
Global
	GlobalSection(SolutionConfigurationPlatforms) = preSolution
		Debug|Any CPU = Debug|Any CPU
		Release|Any CPU = Release|Any CPU
	EndGlobalSection
	GlobalSection(ProjectConfigurationPlatforms) = postSolution
		{4D6CF9F3-259C-429C-87FE-85B89FDA2556}.Debug|Any CPU.ActiveCfg = Debug|Any CPU
		{4D6CF9F3-259C-429C-87FE-85B89FDA2556}.Debug|Any CPU.Build.0 = Debug|Any CPU
		{4D6CF9F3-259C-429C-87FE-85B89FDA2556}.Release|Any CPU.ActiveCfg = Release|Any CPU
		{4D6CF9F3-259C-429C-87FE-85B89FDA2556}.Release|Any CPU.Build.0 = Release|Any CPU
	EndGlobalSection
	GlobalSection(SolutionProperties) = preSolution
		HideSolutionNode = FALSE
	EndGlobalSection
EndGlobal
